
Microsoft Visual Studio Solution File, Format Version 12.00
# Visual Studio Version 17
VisualStudioVersion = 17.5.33516.290
MinimumVisualStudioVersion = 10.0.40219.1
Project("{FAE04EC0-301F-11D3-BF4B-00C04F79EFBC}") = "SalesCRMApp", "SalesCRMApp\SalesCRMApp.csproj", "{B9BC66A3-BC91-4039-8FA1-6B4A74229E48}"
EndProject
Global
	GlobalSection(SolutionConfigurationPlatforms) = preSolution
		Debug|Any CPU = Debug|Any CPU
		Release|Any CPU = Release|Any CPU
	EndGlobalSection
	GlobalSection(ProjectConfigurationPlatforms) = postSolution
		{B9BC66A3-BC91-4039-8FA1-6B4A74229E48}.Debug|Any CPU.ActiveCfg = Debug|Any CPU
		{B9BC66A3-BC91-4039-8FA1-6B4A74229E48}.Debug|Any CPU.Build.0 = Debug|Any CPU
		{B9BC66A3-BC91-4039-8FA1-6B4A74229E48}.Release|Any CPU.ActiveCfg = Release|Any CPU
		{B9BC66A3-BC91-4039-8FA1-6B4A74229E48}.Release|Any CPU.Build.0 = Release|Any CPU
	EndGlobalSection
	GlobalSection(SolutionProperties) = preSolution
		HideSolutionNode = FALSE
	EndGlobalSection
	GlobalSection(ExtensibilityGlobals) = postSolution
		SolutionGuid = {FCE01057-0393-4111-B545-D7D685E48532}
	EndGlobalSection
EndGlobal
